
Microsoft Visual Studio Solution File, Format Version 12.00
# Visual Studio 2012
Project("{FAE04EC0-301F-11D3-BF4B-00C04F79EFBC}") = "WebApi", "WebApi\WebApi.csproj", "{7611D072-23F2-4476-BA97-7CDDC5FD07C7}"
EndProject
Project("{FAE04EC0-301F-11D3-BF4B-00C04F79EFBC}") = "Core", "Core\Core.csproj", "{9E14FF30-E237-40CE-A993-4DCCC8AF9CAA}"
EndProject
Project("{FAE04EC0-301F-11D3-BF4B-00C04F79EFBC}") = "Sources", "Sources\Sources.csproj", "{2A16AE16-6048-4875-9F44-D885D8504B3B}"
EndProject
Project("{FAE04EC0-301F-11D3-BF4B-00C04F79EFBC}") = "Tests", "Tests\Tests.csproj", "{E65D9A6C-315B-4059-9059-C575DC32ED06}"
EndProject
Project("{FAE04EC0-301F-11D3-BF4B-00C04F79EFBC}") = "Helpers", "Helpers\Helpers.csproj", "{E9474FCA-3783-4FB7-96CC-D93E16097C2F}"
EndProject
Project("{FAE04EC0-301F-11D3-BF4B-00C04F79EFBC}") = "DataAccess", "DataAccess\DataAccess.csproj", "{897C1301-9195-460C-ADA2-6935B4617F6C}"
EndProject
Global
	GlobalSection(SolutionConfigurationPlatforms) = preSolution
		Debug|Any CPU = Debug|Any CPU
		Release|Any CPU = Release|Any CPU
		Tests|Any CPU = Tests|Any CPU
	EndGlobalSection
	GlobalSection(ProjectConfigurationPlatforms) = postSolution
		{7611D072-23F2-4476-BA97-7CDDC5FD07C7}.Debug|Any CPU.ActiveCfg = Debug|Any CPU
		{7611D072-23F2-4476-BA97-7CDDC5FD07C7}.Debug|Any CPU.Build.0 = Debug|Any CPU
		{7611D072-23F2-4476-BA97-7CDDC5FD07C7}.Release|Any CPU.ActiveCfg = Release|Any CPU
		{7611D072-23F2-4476-BA97-7CDDC5FD07C7}.Release|Any CPU.Build.0 = Release|Any CPU
		{7611D072-23F2-4476-BA97-7CDDC5FD07C7}.Tests|Any CPU.ActiveCfg = Tests|Any CPU
		{7611D072-23F2-4476-BA97-7CDDC5FD07C7}.Tests|Any CPU.Build.0 = Tests|Any CPU
		{9E14FF30-E237-40CE-A993-4DCCC8AF9CAA}.Debug|Any CPU.ActiveCfg = Debug|Any CPU
		{9E14FF30-E237-40CE-A993-4DCCC8AF9CAA}.Debug|Any CPU.Build.0 = Debug|Any CPU
		{9E14FF30-E237-40CE-A993-4DCCC8AF9CAA}.Release|Any CPU.ActiveCfg = Release|Any CPU
		{9E14FF30-E237-40CE-A993-4DCCC8AF9CAA}.Release|Any CPU.Build.0 = Release|Any CPU
		{9E14FF30-E237-40CE-A993-4DCCC8AF9CAA}.Tests|Any CPU.ActiveCfg = Tests|Any CPU
		{9E14FF30-E237-40CE-A993-4DCCC8AF9CAA}.Tests|Any CPU.Build.0 = Tests|Any CPU
		{2A16AE16-6048-4875-9F44-D885D8504B3B}.Debug|Any CPU.ActiveCfg = Debug|Any CPU
		{2A16AE16-6048-4875-9F44-D885D8504B3B}.Debug|Any CPU.Build.0 = Debug|Any CPU
		{2A16AE16-6048-4875-9F44-D885D8504B3B}.Release|Any CPU.ActiveCfg = Release|Any CPU
		{2A16AE16-6048-4875-9F44-D885D8504B3B}.Release|Any CPU.Build.0 = Release|Any CPU
		{2A16AE16-6048-4875-9F44-D885D8504B3B}.Tests|Any CPU.ActiveCfg = Tests|Any CPU
		{2A16AE16-6048-4875-9F44-D885D8504B3B}.Tests|Any CPU.Build.0 = Tests|Any CPU
		{E65D9A6C-315B-4059-9059-C575DC32ED06}.Debug|Any CPU.ActiveCfg = Debug|Any CPU
		{E65D9A6C-315B-4059-9059-C575DC32ED06}.Debug|Any CPU.Build.0 = Debug|Any CPU
		{E65D9A6C-315B-4059-9059-C575DC32ED06}.Release|Any CPU.ActiveCfg = Release|Any CPU
		{E65D9A6C-315B-4059-9059-C575DC32ED06}.Release|Any CPU.Build.0 = Release|Any CPU
		{E65D9A6C-315B-4059-9059-C575DC32ED06}.Tests|Any CPU.ActiveCfg = Tests|Any CPU
		{E65D9A6C-315B-4059-9059-C575DC32ED06}.Tests|Any CPU.Build.0 = Tests|Any CPU
		{E9474FCA-3783-4FB7-96CC-D93E16097C2F}.Debug|Any CPU.ActiveCfg = Debug|Any CPU
		{E9474FCA-3783-4FB7-96CC-D93E16097C2F}.Debug|Any CPU.Build.0 = Debug|Any CPU
		{E9474FCA-3783-4FB7-96CC-D93E16097C2F}.Release|Any CPU.ActiveCfg = Release|Any CPU
		{E9474FCA-3783-4FB7-96CC-D93E16097C2F}.Release|Any CPU.Build.0 = Release|Any CPU
		{E9474FCA-3783-4FB7-96CC-D93E16097C2F}.Tests|Any CPU.ActiveCfg = Tests|Any CPU
		{E9474FCA-3783-4FB7-96CC-D93E16097C2F}.Tests|Any CPU.Build.0 = Tests|Any CPU
		{897C1301-9195-460C-ADA2-6935B4617F6C}.Debug|Any CPU.ActiveCfg = Debug|Any CPU
		{897C1301-9195-460C-ADA2-6935B4617F6C}.Debug|Any CPU.Build.0 = Debug|Any CPU
		{897C1301-9195-460C-ADA2-6935B4617F6C}.Release|Any CPU.ActiveCfg = Release|Any CPU
		{897C1301-9195-460C-ADA2-6935B4617F6C}.Release|Any CPU.Build.0 = Release|Any CPU
		{897C1301-9195-460C-ADA2-6935B4617F6C}.Tests|Any CPU.ActiveCfg = Tests|Any CPU
		{897C1301-9195-460C-ADA2-6935B4617F6C}.Tests|Any CPU.Build.0 = Tests|Any CPU
	EndGlobalSection
	GlobalSection(SolutionProperties) = preSolution
		HideSolutionNode = FALSE
	EndGlobalSection
EndGlobal
