
Microsoft Visual Studio Solution File, Format Version 12.00
# Visual Studio 2012
Project("{FAE04EC0-301F-11D3-BF4B-00C04F79EFBC}") = "ClientSide", "ClientSide\ClientSide.csproj", "{2AE2C8ED-5705-4842-926C-B2B556EEF87C}"
EndProject
Global
	GlobalSection(SolutionConfigurationPlatforms) = preSolution
		Debug|Any CPU = Debug|Any CPU
		Release|Any CPU = Release|Any CPU
	EndGlobalSection
	GlobalSection(ProjectConfigurationPlatforms) = postSolution
		{2AE2C8ED-5705-4842-926C-B2B556EEF87C}.Debug|Any CPU.ActiveCfg = Debug|Any CPU
		{2AE2C8ED-5705-4842-926C-B2B556EEF87C}.Debug|Any CPU.Build.0 = Debug|Any CPU
		{2AE2C8ED-5705-4842-926C-B2B556EEF87C}.Release|Any CPU.ActiveCfg = Release|Any CPU
		{2AE2C8ED-5705-4842-926C-B2B556EEF87C}.Release|Any CPU.Build.0 = Release|Any CPU
	EndGlobalSection
	GlobalSection(SolutionProperties) = preSolution
		HideSolutionNode = FALSE
	EndGlobalSection
EndGlobal
